
Microsoft Visual Studio Solution File, Format Version 12.00
# Visual Studio 15
VisualStudioVersion = 15.0.28307.757
MinimumVisualStudioVersion = 10.0.40219.1
Project("{F184B08F-C81C-45F6-A57F-5ABD9991F28F}") = "SQL Writer", "SQL Writer\SQL Writer.vbproj", "{40F65FC0-D220-45A8-8E1E-EE7EC1B52EF1}"
EndProject
Global
	GlobalSection(SolutionConfigurationPlatforms) = preSolution
		Debug|Any CPU = Debug|Any CPU
		Release|Any CPU = Release|Any CPU
	EndGlobalSection
	GlobalSection(ProjectConfigurationPlatforms) = postSolution
		{40F65FC0-D220-45A8-8E1E-EE7EC1B52EF1}.Debug|Any CPU.ActiveCfg = Debug|Any CPU
		{40F65FC0-D220-45A8-8E1E-EE7EC1B52EF1}.Debug|Any CPU.Build.0 = Debug|Any CPU
		{40F65FC0-D220-45A8-8E1E-EE7EC1B52EF1}.Release|Any CPU.ActiveCfg = Release|Any CPU
		{40F65FC0-D220-45A8-8E1E-EE7EC1B52EF1}.Release|Any CPU.Build.0 = Release|Any CPU
	EndGlobalSection
	GlobalSection(SolutionProperties) = preSolution
		HideSolutionNode = FALSE
	EndGlobalSection
	GlobalSection(ExtensibilityGlobals) = postSolution
		SolutionGuid = {9541D860-4517-4E8E-A003-97E353CC499F}
	EndGlobalSection
EndGlobal
